// !$*UTF8*$!
{
	archiveVersion = 1;
	classes = {
	};
	objectVersion = 56;
	objects = {

/* Begin PBXBuildFile section */
		C0251C572AED8D9100094BFB /* RemoteFeeditem.swift in Sources */ = {isa = PBXBuildFile; fileRef = C0251C562AED8D9100094BFB /* RemoteFeeditem.swift */; };
		C0251C592AED8DC900094BFB /* LocalFeedImage.swift in Sources */ = {isa = PBXBuildFile; fileRef = C0251C582AED8DC900094BFB /* LocalFeedImage.swift */; };
		C0251C5B2AEDA86100094BFB /* LoadFeedFromCacheUseCaseTests.swift in Sources */ = {isa = PBXBuildFile; fileRef = C0251C5A2AEDA86100094BFB /* LoadFeedFromCacheUseCaseTests.swift */; };
		C0251C5E2AEDA97900094BFB /* FeedStoreSpy.swift in Sources */ = {isa = PBXBuildFile; fileRef = C0251C5D2AEDA97900094BFB /* FeedStoreSpy.swift */; };
		C0476A852AE59DAA0065005D /* CacheFeedUseCaseTests.swift in Sources */ = {isa = PBXBuildFile; fileRef = C0476A842AE59DAA0065005D /* CacheFeedUseCaseTests.swift */; };
		C04FC4962AD4F16000C203FA /* HTTPClient.swift in Sources */ = {isa = PBXBuildFile; fileRef = C04FC4952AD4F16000C203FA /* HTTPClient.swift */; };
		C04FC4982AD4F1D100C203FA /* FeedItemMapper.swift in Sources */ = {isa = PBXBuildFile; fileRef = C04FC4972AD4F1D100C203FA /* FeedItemMapper.swift */; };
		C04FC49B2AD594C500C203FA /* URLSessionHTTPClientTests.swift in Sources */ = {isa = PBXBuildFile; fileRef = C04FC49A2AD594C500C203FA /* URLSessionHTTPClientTests.swift */; };
		C06A89252AD7914E0083A63D /* XCTestCase+MemoryLeakTracking.swift in Sources */ = {isa = PBXBuildFile; fileRef = C06A89242AD7914E0083A63D /* XCTestCase+MemoryLeakTracking.swift */; };
		C06A89272AD7A19A0083A63D /* URLSessionHTTPClient.swift in Sources */ = {isa = PBXBuildFile; fileRef = C06A89262AD7A19A0083A63D /* URLSessionHTTPClient.swift */; };
		C08BCC8F2AE02D27004A765F /* XCTestCase+MemoryLeakTracking.swift in Sources */ = {isa = PBXBuildFile; fileRef = C06A89242AD7914E0083A63D /* XCTestCase+MemoryLeakTracking.swift */; };
		C09CA4802AD1D900003004BC /* InstanteFeed.framework in Frameworks */ = {isa = PBXBuildFile; fileRef = C09CA4772AD1D900003004BC /* InstanteFeed.framework */; };
		C09CA4902AD1DB54003004BC /* FeedImage.swift in Sources */ = {isa = PBXBuildFile; fileRef = C09CA48F2AD1DB54003004BC /* FeedImage.swift */; };
		C09CA4922AD1DC58003004BC /* FeedLoader.swift in Sources */ = {isa = PBXBuildFile; fileRef = C09CA4912AD1DC58003004BC /* FeedLoader.swift */; };
		C09CA4952AD1DEBE003004BC /* LoadFeedFromRemoteUseCaseTests.swift in Sources */ = {isa = PBXBuildFile; fileRef = C09CA4942AD1DEBE003004BC /* LoadFeedFromRemoteUseCaseTests.swift */; };
		C09CA49A2AD213DF003004BC /* RemoteFeedLoader.swift in Sources */ = {isa = PBXBuildFile; fileRef = C09CA4992AD213DF003004BC /* RemoteFeedLoader.swift */; };
		C0BAC31E2AEC77FB00A230AB /* LocalFeedLoader.swift in Sources */ = {isa = PBXBuildFile; fileRef = C0BAC31D2AEC77FB00A230AB /* LocalFeedLoader.swift */; };
		C0BAC3202AEC786A00A230AB /* FeedStore.swift in Sources */ = {isa = PBXBuildFile; fileRef = C0BAC31F2AEC786A00A230AB /* FeedStore.swift */; };
		C0F492E22AE025FB001114AF /* InstanteFeedAPIEndToEndTests.swift in Sources */ = {isa = PBXBuildFile; fileRef = C0F492E12AE025FB001114AF /* InstanteFeedAPIEndToEndTests.swift */; };
		C0F492E32AE025FB001114AF /* InstanteFeed.framework in Frameworks */ = {isa = PBXBuildFile; fileRef = C09CA4772AD1D900003004BC /* InstanteFeed.framework */; };
/* End PBXBuildFile section */

/* Begin PBXContainerItemProxy section */
		C09CA4812AD1D900003004BC /* PBXContainerItemProxy */ = {
			isa = PBXContainerItemProxy;
			containerPortal = C09CA46E2AD1D900003004BC /* Project object */;
			proxyType = 1;
			remoteGlobalIDString = C09CA4762AD1D900003004BC;
			remoteInfo = InstanteFeed;
		};
		C0F492E42AE025FB001114AF /* PBXContainerItemProxy */ = {
			isa = PBXContainerItemProxy;
			containerPortal = C09CA46E2AD1D900003004BC /* Project object */;
			proxyType = 1;
			remoteGlobalIDString = C09CA4762AD1D900003004BC;
			remoteInfo = InstanteFeed;
		};
/* End PBXContainerItemProxy section */

/* Begin PBXFileReference section */
		C0251C562AED8D9100094BFB /* RemoteFeeditem.swift */ = {isa = PBXFileReference; lastKnownFileType = sourcecode.swift; path = RemoteFeeditem.swift; sourceTree = "<group>"; };
		C0251C582AED8DC900094BFB /* LocalFeedImage.swift */ = {isa = PBXFileReference; lastKnownFileType = sourcecode.swift; path = LocalFeedImage.swift; sourceTree = "<group>"; };
		C0251C5A2AEDA86100094BFB /* LoadFeedFromCacheUseCaseTests.swift */ = {isa = PBXFileReference; lastKnownFileType = sourcecode.swift; path = LoadFeedFromCacheUseCaseTests.swift; sourceTree = "<group>"; };
		C0251C5D2AEDA97900094BFB /* FeedStoreSpy.swift */ = {isa = PBXFileReference; lastKnownFileType = sourcecode.swift; path = FeedStoreSpy.swift; sourceTree = "<group>"; };
		C0476A842AE59DAA0065005D /* CacheFeedUseCaseTests.swift */ = {isa = PBXFileReference; lastKnownFileType = sourcecode.swift; path = CacheFeedUseCaseTests.swift; sourceTree = "<group>"; };
		C04FC4952AD4F16000C203FA /* HTTPClient.swift */ = {isa = PBXFileReference; lastKnownFileType = sourcecode.swift; path = HTTPClient.swift; sourceTree = "<group>"; };
		C04FC4972AD4F1D100C203FA /* FeedItemMapper.swift */ = {isa = PBXFileReference; lastKnownFileType = sourcecode.swift; path = FeedItemMapper.swift; sourceTree = "<group>"; };
		C04FC49A2AD594C500C203FA /* URLSessionHTTPClientTests.swift */ = {isa = PBXFileReference; lastKnownFileType = sourcecode.swift; path = URLSessionHTTPClientTests.swift; sourceTree = "<group>"; };
		C06A89242AD7914E0083A63D /* XCTestCase+MemoryLeakTracking.swift */ = {isa = PBXFileReference; lastKnownFileType = sourcecode.swift; path = "XCTestCase+MemoryLeakTracking.swift"; sourceTree = "<group>"; };
		C06A89262AD7A19A0083A63D /* URLSessionHTTPClient.swift */ = {isa = PBXFileReference; lastKnownFileType = sourcecode.swift; path = URLSessionHTTPClient.swift; sourceTree = "<group>"; };
		C08BCC902AE03446004A765F /* CI.xctestplan */ = {isa = PBXFileReference; lastKnownFileType = text; path = CI.xctestplan; sourceTree = "<group>"; };
		C09CA4772AD1D900003004BC /* InstanteFeed.framework */ = {isa = PBXFileReference; explicitFileType = wrapper.framework; includeInIndex = 0; path = InstanteFeed.framework; sourceTree = BUILT_PRODUCTS_DIR; };
		C09CA47F2AD1D900003004BC /* InstanteFeedTests.xctest */ = {isa = PBXFileReference; explicitFileType = wrapper.cfbundle; includeInIndex = 0; path = InstanteFeedTests.xctest; sourceTree = BUILT_PRODUCTS_DIR; };
		C09CA48F2AD1DB54003004BC /* FeedImage.swift */ = {isa = PBXFileReference; lastKnownFileType = sourcecode.swift; path = FeedImage.swift; sourceTree = "<group>"; };
		C09CA4912AD1DC58003004BC /* FeedLoader.swift */ = {isa = PBXFileReference; lastKnownFileType = sourcecode.swift; path = FeedLoader.swift; sourceTree = "<group>"; };
		C09CA4942AD1DEBE003004BC /* LoadFeedFromRemoteUseCaseTests.swift */ = {isa = PBXFileReference; lastKnownFileType = sourcecode.swift; path = LoadFeedFromRemoteUseCaseTests.swift; sourceTree = "<group>"; };
		C09CA4992AD213DF003004BC /* RemoteFeedLoader.swift */ = {isa = PBXFileReference; lastKnownFileType = sourcecode.swift; path = RemoteFeedLoader.swift; sourceTree = "<group>"; };
		C0BAC31D2AEC77FB00A230AB /* LocalFeedLoader.swift */ = {isa = PBXFileReference; lastKnownFileType = sourcecode.swift; path = LocalFeedLoader.swift; sourceTree = "<group>"; };
		C0BAC31F2AEC786A00A230AB /* FeedStore.swift */ = {isa = PBXFileReference; lastKnownFileType = sourcecode.swift; path = FeedStore.swift; sourceTree = "<group>"; };
		C0F492DF2AE025FB001114AF /* InstanteFeedAPIEndToEndTests.xctest */ = {isa = PBXFileReference; explicitFileType = wrapper.cfbundle; includeInIndex = 0; path = InstanteFeedAPIEndToEndTests.xctest; sourceTree = BUILT_PRODUCTS_DIR; };
		C0F492E12AE025FB001114AF /* InstanteFeedAPIEndToEndTests.swift */ = {isa = PBXFileReference; lastKnownFileType = sourcecode.swift; path = InstanteFeedAPIEndToEndTests.swift; sourceTree = "<group>"; };
/* End PBXFileReference section */

/* Begin PBXFrameworksBuildPhase section */
		C09CA4742AD1D900003004BC /* Frameworks */ = {
			isa = PBXFrameworksBuildPhase;
			buildActionMask = 2147483647;
			files = (
			);
			runOnlyForDeploymentPostprocessing = 0;
		};
		C09CA47C2AD1D900003004BC /* Frameworks */ = {
			isa = PBXFrameworksBuildPhase;
			buildActionMask = 2147483647;
			files = (
				C09CA4802AD1D900003004BC /* InstanteFeed.framework in Frameworks */,
			);
			runOnlyForDeploymentPostprocessing = 0;
		};
		C0F492DC2AE025FB001114AF /* Frameworks */ = {
			isa = PBXFrameworksBuildPhase;
			buildActionMask = 2147483647;
			files = (
				C0F492E32AE025FB001114AF /* InstanteFeed.framework in Frameworks */,
			);
			runOnlyForDeploymentPostprocessing = 0;
		};
/* End PBXFrameworksBuildPhase section */

/* Begin PBXGroup section */
		C0251C5C2AEDA96C00094BFB /* Helpers */ = {
			isa = PBXGroup;
			children = (
				C0251C5D2AEDA97900094BFB /* FeedStoreSpy.swift */,
			);
			path = Helpers;
			sourceTree = "<group>";
		};
		C0476A832AE59D650065005D /* Feed Cache */ = {
			isa = PBXGroup;
			children = (
				C0251C5C2AEDA96C00094BFB /* Helpers */,
				C0476A842AE59DAA0065005D /* CacheFeedUseCaseTests.swift */,
				C0251C5A2AEDA86100094BFB /* LoadFeedFromCacheUseCaseTests.swift */,
			);
			path = "Feed Cache";
			sourceTree = "<group>";
		};
		C04FC4992AD4F88800C203FA /* Feed API */ = {
			isa = PBXGroup;
			children = (
				C09CA4942AD1DEBE003004BC /* LoadFeedFromRemoteUseCaseTests.swift */,
				C04FC49A2AD594C500C203FA /* URLSessionHTTPClientTests.swift */,
			);
			path = "Feed API";
			sourceTree = "<group>";
		};
		C06A89232AD7912E0083A63D /* Helpers */ = {
			isa = PBXGroup;
			children = (
				C06A89242AD7914E0083A63D /* XCTestCase+MemoryLeakTracking.swift */,
			);
			path = Helpers;
			sourceTree = "<group>";
		};
		C09CA46D2AD1D900003004BC = {
			isa = PBXGroup;
			children = (
				C08BCC902AE03446004A765F /* CI.xctestplan */,
				C09CA4792AD1D900003004BC /* InstanteFeed */,
				C09CA4832AD1D900003004BC /* InstanteFeedTests */,
				C0F492E02AE025FB001114AF /* InstanteFeedAPIEndToEndTests */,
				C09CA4782AD1D900003004BC /* Products */,
			);
			sourceTree = "<group>";
		};
		C09CA4782AD1D900003004BC /* Products */ = {
			isa = PBXGroup;
			children = (
				C09CA4772AD1D900003004BC /* InstanteFeed.framework */,
				C09CA47F2AD1D900003004BC /* InstanteFeedTests.xctest */,
				C0F492DF2AE025FB001114AF /* InstanteFeedAPIEndToEndTests.xctest */,
			);
			name = Products;
			sourceTree = "<group>";
		};
		C09CA4792AD1D900003004BC /* InstanteFeed */ = {
			isa = PBXGroup;
			children = (
				C0BAC31C2AEC77EB00A230AB /* Feed Cache */,
				C09CA4962AD213AE003004BC /* Feed API */,
				C09CA4932AD1DD24003004BC /* Feed Feature */,
			);
			path = InstanteFeed;
			sourceTree = "<group>";
		};
		C09CA4832AD1D900003004BC /* InstanteFeedTests */ = {
			isa = PBXGroup;
			children = (
				C06A89232AD7912E0083A63D /* Helpers */,
				C0476A832AE59D650065005D /* Feed Cache */,
				C04FC4992AD4F88800C203FA /* Feed API */,
			);
			path = InstanteFeedTests;
			sourceTree = "<group>";
		};
		C09CA4932AD1DD24003004BC /* Feed Feature */ = {
			isa = PBXGroup;
			children = (
				C09CA48F2AD1DB54003004BC /* FeedImage.swift */,
				C09CA4912AD1DC58003004BC /* FeedLoader.swift */,
			);
			path = "Feed Feature";
			sourceTree = "<group>";
		};
		C09CA4962AD213AE003004BC /* Feed API */ = {
			isa = PBXGroup;
			children = (
				C09CA4992AD213DF003004BC /* RemoteFeedLoader.swift */,
				C04FC4952AD4F16000C203FA /* HTTPClient.swift */,
				C04FC4972AD4F1D100C203FA /* FeedItemMapper.swift */,
				C06A89262AD7A19A0083A63D /* URLSessionHTTPClient.swift */,
				C0251C562AED8D9100094BFB /* RemoteFeeditem.swift */,
			);
			path = "Feed API";
			sourceTree = "<group>";
		};
		C0BAC31C2AEC77EB00A230AB /* Feed Cache */ = {
			isa = PBXGroup;
			children = (
				C0BAC31D2AEC77FB00A230AB /* LocalFeedLoader.swift */,
				C0BAC31F2AEC786A00A230AB /* FeedStore.swift */,
				C0251C582AED8DC900094BFB /* LocalFeedImage.swift */,
			);
			path = "Feed Cache";
			sourceTree = "<group>";
		};
		C0F492E02AE025FB001114AF /* InstanteFeedAPIEndToEndTests */ = {
			isa = PBXGroup;
			children = (
				C0F492E12AE025FB001114AF /* InstanteFeedAPIEndToEndTests.swift */,
			);
			path = InstanteFeedAPIEndToEndTests;
			sourceTree = "<group>";
		};
/* End PBXGroup section */

/* Begin PBXHeadersBuildPhase section */
		C09CA4722AD1D900003004BC /* Headers */ = {
			isa = PBXHeadersBuildPhase;
			buildActionMask = 2147483647;
			files = (
			);
			runOnlyForDeploymentPostprocessing = 0;
		};
/* End PBXHeadersBuildPhase section */

/* Begin PBXNativeTarget section */
		C09CA4762AD1D900003004BC /* InstanteFeed */ = {
			isa = PBXNativeTarget;
			buildConfigurationList = C09CA4892AD1D900003004BC /* Build configuration list for PBXNativeTarget "InstanteFeed" */;
			buildPhases = (
				C09CA4722AD1D900003004BC /* Headers */,
				C09CA4732AD1D900003004BC /* Sources */,
				C09CA4742AD1D900003004BC /* Frameworks */,
				C09CA4752AD1D900003004BC /* Resources */,
			);
			buildRules = (
			);
			dependencies = (
			);
			name = InstanteFeed;
			productName = InstanteFeed;
			productReference = C09CA4772AD1D900003004BC /* InstanteFeed.framework */;
			productType = "com.apple.product-type.framework";
		};
		C09CA47E2AD1D900003004BC /* InstanteFeedTests */ = {
			isa = PBXNativeTarget;
			buildConfigurationList = C09CA48C2AD1D900003004BC /* Build configuration list for PBXNativeTarget "InstanteFeedTests" */;
			buildPhases = (
				C09CA47B2AD1D900003004BC /* Sources */,
				C09CA47C2AD1D900003004BC /* Frameworks */,
				C09CA47D2AD1D900003004BC /* Resources */,
			);
			buildRules = (
			);
			dependencies = (
				C09CA4822AD1D900003004BC /* PBXTargetDependency */,
			);
			name = InstanteFeedTests;
			productName = InstanteFeedTests;
			productReference = C09CA47F2AD1D900003004BC /* InstanteFeedTests.xctest */;
			productType = "com.apple.product-type.bundle.unit-test";
		};
		C0F492DE2AE025FB001114AF /* InstanteFeedAPIEndToEndTests */ = {
			isa = PBXNativeTarget;
			buildConfigurationList = C0F492E82AE025FB001114AF /* Build configuration list for PBXNativeTarget "InstanteFeedAPIEndToEndTests" */;
			buildPhases = (
				C0F492DB2AE025FB001114AF /* Sources */,
				C0F492DC2AE025FB001114AF /* Frameworks */,
				C0F492DD2AE025FB001114AF /* Resources */,
			);
			buildRules = (
			);
			dependencies = (
				C0F492E52AE025FB001114AF /* PBXTargetDependency */,
			);
			name = InstanteFeedAPIEndToEndTests;
			productName = InstanteFeedAPIEndToEndTests;
			productReference = C0F492DF2AE025FB001114AF /* InstanteFeedAPIEndToEndTests.xctest */;
			productType = "com.apple.product-type.bundle.unit-test";
		};
/* End PBXNativeTarget section */

/* Begin PBXProject section */
		C09CA46E2AD1D900003004BC /* Project object */ = {
			isa = PBXProject;
			attributes = {
				BuildIndependentTargetsInParallel = 1;
				LastSwiftUpdateCheck = 1500;
				LastUpgradeCheck = 1500;
				TargetAttributes = {
					C09CA4762AD1D900003004BC = {
						CreatedOnToolsVersion = 15.0;
						LastSwiftMigration = 1500;
					};
					C09CA47E2AD1D900003004BC = {
						CreatedOnToolsVersion = 15.0;
						LastSwiftMigration = 1500;
					};
					C0F492DE2AE025FB001114AF = {
						CreatedOnToolsVersion = 15.0;
					};
				};
			};
			buildConfigurationList = C09CA4712AD1D900003004BC /* Build configuration list for PBXProject "InstanteFeed" */;
			compatibilityVersion = "Xcode 14.0";
			developmentRegion = en;
			hasScannedForEncodings = 0;
			knownRegions = (
				en,
				Base,
			);
			mainGroup = C09CA46D2AD1D900003004BC;
			productRefGroup = C09CA4782AD1D900003004BC /* Products */;
			projectDirPath = "";
			projectRoot = "";
			targets = (
				C09CA4762AD1D900003004BC /* InstanteFeed */,
				C09CA47E2AD1D900003004BC /* InstanteFeedTests */,
				C0F492DE2AE025FB001114AF /* InstanteFeedAPIEndToEndTests */,
			);
		};
/* End PBXProject section */

/* Begin PBXResourcesBuildPhase section */
		C09CA4752AD1D900003004BC /* Resources */ = {
			isa = PBXResourcesBuildPhase;
			buildActionMask = 2147483647;
			files = (
			);
			runOnlyForDeploymentPostprocessing = 0;
		};
		C09CA47D2AD1D900003004BC /* Resources */ = {
			isa = PBXResourcesBuildPhase;
			buildActionMask = 2147483647;
			files = (
			);
			runOnlyForDeploymentPostprocessing = 0;
		};
		C0F492DD2AE025FB001114AF /* Resources */ = {
			isa = PBXResourcesBuildPhase;
			buildActionMask = 2147483647;
			files = (
			);
			runOnlyForDeploymentPostprocessing = 0;
		};
/* End PBXResourcesBuildPhase section */

/* Begin PBXSourcesBuildPhase section */
		C09CA4732AD1D900003004BC /* Sources */ = {
			isa = PBXSourcesBuildPhase;
			buildActionMask = 2147483647;
			files = (
				C0251C572AED8D9100094BFB /* RemoteFeeditem.swift in Sources */,
				C09CA4922AD1DC58003004BC /* FeedLoader.swift in Sources */,
				C04FC4982AD4F1D100C203FA /* FeedItemMapper.swift in Sources */,
				C09CA49A2AD213DF003004BC /* RemoteFeedLoader.swift in Sources */,
				C0251C592AED8DC900094BFB /* LocalFeedImage.swift in Sources */,
				C0BAC3202AEC786A00A230AB /* FeedStore.swift in Sources */,
				C0BAC31E2AEC77FB00A230AB /* LocalFeedLoader.swift in Sources */,
				C04FC4962AD4F16000C203FA /* HTTPClient.swift in Sources */,
				C09CA4902AD1DB54003004BC /* FeedImage.swift in Sources */,
				C06A89272AD7A19A0083A63D /* URLSessionHTTPClient.swift in Sources */,
			);
			runOnlyForDeploymentPostprocessing = 0;
		};
		C09CA47B2AD1D900003004BC /* Sources */ = {
			isa = PBXSourcesBuildPhase;
			buildActionMask = 2147483647;
			files = (
				C09CA4952AD1DEBE003004BC /* LoadFeedFromRemoteUseCaseTests.swift in Sources */,
				C04FC49B2AD594C500C203FA /* URLSessionHTTPClientTests.swift in Sources */,
				C0251C5E2AEDA97900094BFB /* FeedStoreSpy.swift in Sources */,
				C0476A852AE59DAA0065005D /* CacheFeedUseCaseTests.swift in Sources */,
				C0251C5B2AEDA86100094BFB /* LoadFeedFromCacheUseCaseTests.swift in Sources */,
				C06A89252AD7914E0083A63D /* XCTestCase+MemoryLeakTracking.swift in Sources */,
			);
			runOnlyForDeploymentPostprocessing = 0;
		};
		C0F492DB2AE025FB001114AF /* Sources */ = {
			isa = PBXSourcesBuildPhase;
			buildActionMask = 2147483647;
			files = (
				C0F492E22AE025FB001114AF /* InstanteFeedAPIEndToEndTests.swift in Sources */,
				C08BCC8F2AE02D27004A765F /* XCTestCase+MemoryLeakTracking.swift in Sources */,
			);
			runOnlyForDeploymentPostprocessing = 0;
		};
/* End PBXSourcesBuildPhase section */

/* Begin PBXTargetDependency section */
		C09CA4822AD1D900003004BC /* PBXTargetDependency */ = {
			isa = PBXTargetDependency;
			target = C09CA4762AD1D900003004BC /* InstanteFeed */;
			targetProxy = C09CA4812AD1D900003004BC /* PBXContainerItemProxy */;
		};
		C0F492E52AE025FB001114AF /* PBXTargetDependency */ = {
			isa = PBXTargetDependency;
			target = C09CA4762AD1D900003004BC /* InstanteFeed */;
			targetProxy = C0F492E42AE025FB001114AF /* PBXContainerItemProxy */;
		};
/* End PBXTargetDependency section */

/* Begin XCBuildConfiguration section */
		C09CA4872AD1D900003004BC /* Debug */ = {
			isa = XCBuildConfiguration;
			buildSettings = {
				ALWAYS_SEARCH_USER_PATHS = NO;
				ASSETCATALOG_COMPILER_GENERATE_SWIFT_ASSET_SYMBOL_EXTENSIONS = YES;
				CLANG_ANALYZER_NONNULL = YES;
				CLANG_ANALYZER_NUMBER_OBJECT_CONVERSION = YES_AGGRESSIVE;
				CLANG_CXX_LANGUAGE_STANDARD = "gnu++20";
				CLANG_ENABLE_MODULES = YES;
				CLANG_ENABLE_OBJC_ARC = YES;
				CLANG_ENABLE_OBJC_WEAK = YES;
				CLANG_WARN_BLOCK_CAPTURE_AUTORELEASING = YES;
				CLANG_WARN_BOOL_CONVERSION = YES;
				CLANG_WARN_COMMA = YES;
				CLANG_WARN_CONSTANT_CONVERSION = YES;
				CLANG_WARN_DEPRECATED_OBJC_IMPLEMENTATIONS = YES;
				CLANG_WARN_DIRECT_OBJC_ISA_USAGE = YES_ERROR;
				CLANG_WARN_DOCUMENTATION_COMMENTS = YES;
				CLANG_WARN_EMPTY_BODY = YES;
				CLANG_WARN_ENUM_CONVERSION = YES;
				CLANG_WARN_INFINITE_RECURSION = YES;
				CLANG_WARN_INT_CONVERSION = YES;
				CLANG_WARN_NON_LITERAL_NULL_CONVERSION = YES;
				CLANG_WARN_OBJC_IMPLICIT_RETAIN_SELF = YES;
				CLANG_WARN_OBJC_LITERAL_CONVERSION = YES;
				CLANG_WARN_OBJC_ROOT_CLASS = YES_ERROR;
				CLANG_WARN_QUOTED_INCLUDE_IN_FRAMEWORK_HEADER = YES;
				CLANG_WARN_RANGE_LOOP_ANALYSIS = YES;
				CLANG_WARN_STRICT_PROTOTYPES = YES;
				CLANG_WARN_SUSPICIOUS_MOVE = YES;
				CLANG_WARN_UNGUARDED_AVAILABILITY = YES_AGGRESSIVE;
				CLANG_WARN_UNREACHABLE_CODE = YES;
				CLANG_WARN__DUPLICATE_METHOD_MATCH = YES;
				COPY_PHASE_STRIP = NO;
				CURRENT_PROJECT_VERSION = 1;
				DEBUG_INFORMATION_FORMAT = dwarf;
				ENABLE_STRICT_OBJC_MSGSEND = YES;
				ENABLE_TESTABILITY = YES;
				ENABLE_USER_SCRIPT_SANDBOXING = YES;
				GCC_C_LANGUAGE_STANDARD = gnu17;
				GCC_DYNAMIC_NO_PIC = NO;
				GCC_NO_COMMON_BLOCKS = YES;
				GCC_OPTIMIZATION_LEVEL = 0;
				GCC_PREPROCESSOR_DEFINITIONS = (
					"DEBUG=1",
					"$(inherited)",
				);
				GCC_WARN_64_TO_32_BIT_CONVERSION = YES;
				GCC_WARN_ABOUT_RETURN_TYPE = YES_ERROR;
				GCC_WARN_UNDECLARED_SELECTOR = YES;
				GCC_WARN_UNINITIALIZED_AUTOS = YES_AGGRESSIVE;
				GCC_WARN_UNUSED_FUNCTION = YES;
				GCC_WARN_UNUSED_VARIABLE = YES;
				LOCALIZATION_PREFERS_STRING_CATALOGS = YES;
				MACOSX_DEPLOYMENT_TARGET = 14.0;
				MTL_ENABLE_DEBUG_INFO = INCLUDE_SOURCE;
				MTL_FAST_MATH = YES;
				ONLY_ACTIVE_ARCH = YES;
				SDKROOT = macosx;
				SWIFT_ACTIVE_COMPILATION_CONDITIONS = "DEBUG $(inherited)";
				SWIFT_OPTIMIZATION_LEVEL = "-Onone";
				VERSIONING_SYSTEM = "apple-generic";
				VERSION_INFO_PREFIX = "";
			};
			name = Debug;
		};
		C09CA4882AD1D900003004BC /* Release */ = {
			isa = XCBuildConfiguration;
			buildSettings = {
				ALWAYS_SEARCH_USER_PATHS = NO;
				ASSETCATALOG_COMPILER_GENERATE_SWIFT_ASSET_SYMBOL_EXTENSIONS = YES;
				CLANG_ANALYZER_NONNULL = YES;
				CLANG_ANALYZER_NUMBER_OBJECT_CONVERSION = YES_AGGRESSIVE;
				CLANG_CXX_LANGUAGE_STANDARD = "gnu++20";
				CLANG_ENABLE_MODULES = YES;
				CLANG_ENABLE_OBJC_ARC = YES;
				CLANG_ENABLE_OBJC_WEAK = YES;
				CLANG_WARN_BLOCK_CAPTURE_AUTORELEASING = YES;
				CLANG_WARN_BOOL_CONVERSION = YES;
				CLANG_WARN_COMMA = YES;
				CLANG_WARN_CONSTANT_CONVERSION = YES;
				CLANG_WARN_DEPRECATED_OBJC_IMPLEMENTATIONS = YES;
				CLANG_WARN_DIRECT_OBJC_ISA_USAGE = YES_ERROR;
				CLANG_WARN_DOCUMENTATION_COMMENTS = YES;
				CLANG_WARN_EMPTY_BODY = YES;
				CLANG_WARN_ENUM_CONVERSION = YES;
				CLANG_WARN_INFINITE_RECURSION = YES;
				CLANG_WARN_INT_CONVERSION = YES;
				CLANG_WARN_NON_LITERAL_NULL_CONVERSION = YES;
				CLANG_WARN_OBJC_IMPLICIT_RETAIN_SELF = YES;
				CLANG_WARN_OBJC_LITERAL_CONVERSION = YES;
				CLANG_WARN_OBJC_ROOT_CLASS = YES_ERROR;
				CLANG_WARN_QUOTED_INCLUDE_IN_FRAMEWORK_HEADER = YES;
				CLANG_WARN_RANGE_LOOP_ANALYSIS = YES;
				CLANG_WARN_STRICT_PROTOTYPES = YES;
				CLANG_WARN_SUSPICIOUS_MOVE = YES;
				CLANG_WARN_UNGUARDED_AVAILABILITY = YES_AGGRESSIVE;
				CLANG_WARN_UNREACHABLE_CODE = YES;
				CLANG_WARN__DUPLICATE_METHOD_MATCH = YES;
				COPY_PHASE_STRIP = NO;
				CURRENT_PROJECT_VERSION = 1;
				DEBUG_INFORMATION_FORMAT = "dwarf-with-dsym";
				ENABLE_NS_ASSERTIONS = NO;
				ENABLE_STRICT_OBJC_MSGSEND = YES;
				ENABLE_USER_SCRIPT_SANDBOXING = YES;
				GCC_C_LANGUAGE_STANDARD = gnu17;
				GCC_NO_COMMON_BLOCKS = YES;
				GCC_WARN_64_TO_32_BIT_CONVERSION = YES;
				GCC_WARN_ABOUT_RETURN_TYPE = YES_ERROR;
				GCC_WARN_UNDECLARED_SELECTOR = YES;
				GCC_WARN_UNINITIALIZED_AUTOS = YES_AGGRESSIVE;
				GCC_WARN_UNUSED_FUNCTION = YES;
				GCC_WARN_UNUSED_VARIABLE = YES;
				LOCALIZATION_PREFERS_STRING_CATALOGS = YES;
				MACOSX_DEPLOYMENT_TARGET = 14.0;
				MTL_ENABLE_DEBUG_INFO = NO;
				MTL_FAST_MATH = YES;
				SDKROOT = macosx;
				SWIFT_COMPILATION_MODE = wholemodule;
				VERSIONING_SYSTEM = "apple-generic";
				VERSION_INFO_PREFIX = "";
			};
			name = Release;
		};
		C09CA48A2AD1D900003004BC /* Debug */ = {
			isa = XCBuildConfiguration;
			buildSettings = {
				CLANG_ENABLE_MODULES = YES;
				CODE_SIGN_STYLE = Automatic;
				COMBINE_HIDPI_IMAGES = YES;
				CURRENT_PROJECT_VERSION = 1;
				DEFINES_MODULE = YES;
				DEVELOPMENT_TEAM = 2XZ3RGN8AK;
				DYLIB_COMPATIBILITY_VERSION = 1;
				DYLIB_CURRENT_VERSION = 1;
				DYLIB_INSTALL_NAME_BASE = "@rpath";
				ENABLE_MODULE_VERIFIER = YES;
				GENERATE_INFOPLIST_FILE = YES;
				INFOPLIST_KEY_NSHumanReadableCopyright = "";
				INSTALL_PATH = "$(LOCAL_LIBRARY_DIR)/Frameworks";
				LD_RUNPATH_SEARCH_PATHS = (
					"$(inherited)",
					"@executable_path/../Frameworks",
					"@loader_path/Frameworks",
				);
				MACOSX_DEPLOYMENT_TARGET = 12.0;
				MARKETING_VERSION = 1.0;
				MODULE_VERIFIER_SUPPORTED_LANGUAGES = "objective-c objective-c++";
				MODULE_VERIFIER_SUPPORTED_LANGUAGE_STANDARDS = "gnu17 gnu++20";
				PRODUCT_BUNDLE_IDENTIFIER = GeorgeSolorio.InstanteFeed;
				PRODUCT_NAME = "$(TARGET_NAME:c99extidentifier)";
				SKIP_INSTALL = YES;
				SWIFT_EMIT_LOC_STRINGS = YES;
				SWIFT_OPTIMIZATION_LEVEL = "-Onone";
				SWIFT_VERSION = 5.0;
			};
			name = Debug;
		};
		C09CA48B2AD1D900003004BC /* Release */ = {
			isa = XCBuildConfiguration;
			buildSettings = {
				CLANG_ENABLE_MODULES = YES;
				CODE_SIGN_STYLE = Automatic;
				COMBINE_HIDPI_IMAGES = YES;
				CURRENT_PROJECT_VERSION = 1;
				DEFINES_MODULE = YES;
				DEVELOPMENT_TEAM = 2XZ3RGN8AK;
				DYLIB_COMPATIBILITY_VERSION = 1;
				DYLIB_CURRENT_VERSION = 1;
				DYLIB_INSTALL_NAME_BASE = "@rpath";
				ENABLE_MODULE_VERIFIER = YES;
				GENERATE_INFOPLIST_FILE = YES;
				INFOPLIST_KEY_NSHumanReadableCopyright = "";
				INSTALL_PATH = "$(LOCAL_LIBRARY_DIR)/Frameworks";
				LD_RUNPATH_SEARCH_PATHS = (
					"$(inherited)",
					"@executable_path/../Frameworks",
					"@loader_path/Frameworks",
				);
				MACOSX_DEPLOYMENT_TARGET = 12.0;
				MARKETING_VERSION = 1.0;
				MODULE_VERIFIER_SUPPORTED_LANGUAGES = "objective-c objective-c++";
				MODULE_VERIFIER_SUPPORTED_LANGUAGE_STANDARDS = "gnu17 gnu++20";
				PRODUCT_BUNDLE_IDENTIFIER = GeorgeSolorio.InstanteFeed;
				PRODUCT_NAME = "$(TARGET_NAME:c99extidentifier)";
				SKIP_INSTALL = YES;
				SWIFT_EMIT_LOC_STRINGS = YES;
				SWIFT_VERSION = 5.0;
			};
			name = Release;
		};
		C09CA48D2AD1D900003004BC /* Debug */ = {
			isa = XCBuildConfiguration;
			buildSettings = {
				ALWAYS_EMBED_SWIFT_STANDARD_LIBRARIES = YES;
				CLANG_ENABLE_MODULES = YES;
				CODE_SIGN_STYLE = Automatic;
				CURRENT_PROJECT_VERSION = 1;
				DEVELOPMENT_TEAM = 2XZ3RGN8AK;
				GENERATE_INFOPLIST_FILE = YES;
				MACOSX_DEPLOYMENT_TARGET = 12.0;
				MARKETING_VERSION = 1.0;
				PRODUCT_BUNDLE_IDENTIFIER = GeorgeSolorio.InstanteFeedTests;
				PRODUCT_NAME = "$(TARGET_NAME)";
				SWIFT_EMIT_LOC_STRINGS = NO;
				SWIFT_OPTIMIZATION_LEVEL = "-Onone";
				SWIFT_VERSION = 5.0;
			};
			name = Debug;
		};
		C09CA48E2AD1D900003004BC /* Release */ = {
			isa = XCBuildConfiguration;
			buildSettings = {
				ALWAYS_EMBED_SWIFT_STANDARD_LIBRARIES = YES;
				CLANG_ENABLE_MODULES = YES;
				CODE_SIGN_STYLE = Automatic;
				CURRENT_PROJECT_VERSION = 1;
				DEVELOPMENT_TEAM = 2XZ3RGN8AK;
				GENERATE_INFOPLIST_FILE = YES;
				MACOSX_DEPLOYMENT_TARGET = 12.0;
				MARKETING_VERSION = 1.0;
				PRODUCT_BUNDLE_IDENTIFIER = GeorgeSolorio.InstanteFeedTests;
				PRODUCT_NAME = "$(TARGET_NAME)";
				SWIFT_EMIT_LOC_STRINGS = NO;
				SWIFT_VERSION = 5.0;
			};
			name = Release;
		};
		C0F492E62AE025FB001114AF /* Debug */ = {
			isa = XCBuildConfiguration;
			buildSettings = {
				CODE_SIGN_STYLE = Automatic;
				CURRENT_PROJECT_VERSION = 1;
				DEVELOPMENT_TEAM = 2XZ3RGN8AK;
				GENERATE_INFOPLIST_FILE = YES;
				MACOSX_DEPLOYMENT_TARGET = 12.0;
				MARKETING_VERSION = 1.0;
				PRODUCT_BUNDLE_IDENTIFIER = GeorgeSolorio.InstanteFeedAPIEndToEndTests;
				PRODUCT_NAME = "$(TARGET_NAME)";
				SWIFT_EMIT_LOC_STRINGS = NO;
				SWIFT_VERSION = 5.0;
			};
			name = Debug;
		};
		C0F492E72AE025FB001114AF /* Release */ = {
			isa = XCBuildConfiguration;
			buildSettings = {
				CODE_SIGN_STYLE = Automatic;
				CURRENT_PROJECT_VERSION = 1;
				DEVELOPMENT_TEAM = 2XZ3RGN8AK;
				GENERATE_INFOPLIST_FILE = YES;
				MACOSX_DEPLOYMENT_TARGET = 12.0;
				MARKETING_VERSION = 1.0;
				PRODUCT_BUNDLE_IDENTIFIER = GeorgeSolorio.InstanteFeedAPIEndToEndTests;
				PRODUCT_NAME = "$(TARGET_NAME)";
				SWIFT_EMIT_LOC_STRINGS = NO;
				SWIFT_VERSION = 5.0;
			};
			name = Release;
		};
/* End XCBuildConfiguration section */

/* Begin XCConfigurationList section */
		C09CA4712AD1D900003004BC /* Build configuration list for PBXProject "InstanteFeed" */ = {
			isa = XCConfigurationList;
			buildConfigurations = (
				C09CA4872AD1D900003004BC /* Debug */,
				C09CA4882AD1D900003004BC /* Release */,
			);
			defaultConfigurationIsVisible = 0;
			defaultConfigurationName = Release;
		};
		C09CA4892AD1D900003004BC /* Build configuration list for PBXNativeTarget "InstanteFeed" */ = {
			isa = XCConfigurationList;
			buildConfigurations = (
				C09CA48A2AD1D900003004BC /* Debug */,
				C09CA48B2AD1D900003004BC /* Release */,
			);
			defaultConfigurationIsVisible = 0;
			defaultConfigurationName = Release;
		};
		C09CA48C2AD1D900003004BC /* Build configuration list for PBXNativeTarget "InstanteFeedTests" */ = {
			isa = XCConfigurationList;
			buildConfigurations = (
				C09CA48D2AD1D900003004BC /* Debug */,
				C09CA48E2AD1D900003004BC /* Release */,
			);
			defaultConfigurationIsVisible = 0;
			defaultConfigurationName = Release;
		};
		C0F492E82AE025FB001114AF /* Build configuration list for PBXNativeTarget "InstanteFeedAPIEndToEndTests" */ = {
			isa = XCConfigurationList;
			buildConfigurations = (
				C0F492E62AE025FB001114AF /* Debug */,
				C0F492E72AE025FB001114AF /* Release */,
			);
			defaultConfigurationIsVisible = 0;
			defaultConfigurationName = Release;
		};
/* End XCConfigurationList section */
	};
	rootObject = C09CA46E2AD1D900003004BC /* Project object */;
}
